
Microsoft Visual Studio Solution File, Format Version 12.00
# Visual Studio Version 17
VisualStudioVersion = 17.13.35806.99 d17.13
MinimumVisualStudioVersion = 10.0.40219.1
Project("{FAE04EC0-301F-11D3-BF4B-00C04F79EFBC}") = "WinFormsApp1SQL", "WinFormsApp1SQL.csproj", "{2EDE2A19-502D-4148-A533-65FF5A9A8F63}"
EndProject
Global
	GlobalSection(SolutionConfigurationPlatforms) = preSolution
		Debug|Any CPU = Debug|Any CPU
		Release|Any CPU = Release|Any CPU
	EndGlobalSection
	GlobalSection(ProjectConfigurationPlatforms) = postSolution
		{2EDE2A19-502D-4148-A533-65FF5A9A8F63}.Debug|Any CPU.ActiveCfg = Debug|Any CPU
		{2EDE2A19-502D-4148-A533-65FF5A9A8F63}.Debug|Any CPU.Build.0 = Debug|Any CPU
		{2EDE2A19-502D-4148-A533-65FF5A9A8F63}.Release|Any CPU.ActiveCfg = Release|Any CPU
		{2EDE2A19-502D-4148-A533-65FF5A9A8F63}.Release|Any CPU.Build.0 = Release|Any CPU
	EndGlobalSection
	GlobalSection(SolutionProperties) = preSolution
		HideSolutionNode = FALSE
	EndGlobalSection
	GlobalSection(ExtensibilityGlobals) = postSolution
		SolutionGuid = {6B4E371D-BFE4-4B7C-81E8-85A3EB488F94}
	EndGlobalSection
EndGlobal
